
Microsoft Visual Studio Solution File, Format Version 12.00
# Visual Studio 15
Project("{FAE04EC0-301F-11D3-BF4B-00C04F79EFBC}") = "TerrainDemo", "TerrainDemo.csproj", "{DA247C27-DA2E-AD02-BD7C-9B88DEF53432}"
EndProject
Global
	GlobalSection(SolutionConfigurationPlatforms) = preSolution
		Debug|Any CPU = Debug|Any CPU
		Release|Any CPU = Release|Any CPU
	EndGlobalSection
	GlobalSection(ProjectConfigurationPlatforms) = postSolution
		{DA247C27-DA2E-AD02-BD7C-9B88DEF53432}.Debug|Any CPU.ActiveCfg = Debug|Any CPU
		{DA247C27-DA2E-AD02-BD7C-9B88DEF53432}.Debug|Any CPU.Build.0 = Debug|Any CPU
		{DA247C27-DA2E-AD02-BD7C-9B88DEF53432}.Release|Any CPU.ActiveCfg = Release|Any CPU
		{DA247C27-DA2E-AD02-BD7C-9B88DEF53432}.Release|Any CPU.Build.0 = Release|Any CPU
	EndGlobalSection
	GlobalSection(SolutionProperties) = preSolution
		HideSolutionNode = FALSE
	EndGlobalSection
EndGlobal
